
Microsoft Visual Studio Solution File, Format Version 12.00
# Visual Studio 14
VisualStudioVersion = 14.0.25420.1
MinimumVisualStudioVersion = 10.0.40219.1
Project("{FAE04EC0-301F-11D3-BF4B-00C04F79EFBC}") = "Xamarians.Media", "Xamarians.Media\Xamarians.Media.csproj", "{67F9D3A8-F71E-4428-913F-C37AE82CDB24}"
EndProject
Project("{FAE04EC0-301F-11D3-BF4B-00C04F79EFBC}") = "Xamarians.Media.Droid", "Xamarians.Media.Droid\Xamarians.Media.Droid.csproj", "{B59A0EE6-886C-47F0-BC30-3AD39BB54DB3}"
EndProject
Project("{2150E333-8FDC-42A3-9474-1A3956D46DE8}") = "Sample", "Sample", "{36B25D54-19CE-46E5-9042-71417BA419FF}"
EndProject
Project("{FAE04EC0-301F-11D3-BF4B-00C04F79EFBC}") = "TestApp.Android", "TestApp\TestApp.Android\TestApp.Android.csproj", "{FDAEBD07-5DD5-4315-8C2D-E9F1D8B62C30}"
EndProject
Project("{FAE04EC0-301F-11D3-BF4B-00C04F79EFBC}") = "TestApp", "TestApp\TestApp\TestApp.csproj", "{406CE038-07F6-43C6-AB0E-901CEB60F37C}"
EndProject
Project("{FAE04EC0-301F-11D3-BF4B-00C04F79EFBC}") = "TestApp.iOS", "TestApp\TestApp.iOS\TestApp.iOS.csproj", "{528EBF01-D6C7-4BAD-9A3F-6B3FBABB54B0}"
EndProject
Project("{FAE04EC0-301F-11D3-BF4B-00C04F79EFBC}") = "Xamarians.Media.iOS", "Xamarians.Media.iOS\Xamarians.Media.iOS.csproj", "{141151F6-9D02-4471-B02F-7D217C0343F5}"
EndProject
Global
	GlobalSection(SolutionConfigurationPlatforms) = preSolution
		Ad-Hoc|Any CPU = Ad-Hoc|Any CPU
		Ad-Hoc|iPhone = Ad-Hoc|iPhone
		Ad-Hoc|iPhoneSimulator = Ad-Hoc|iPhoneSimulator
		AppStore|Any CPU = AppStore|Any CPU
		AppStore|iPhone = AppStore|iPhone
		AppStore|iPhoneSimulator = AppStore|iPhoneSimulator
		Debug|Any CPU = Debug|Any CPU
		Debug|iPhone = Debug|iPhone
		Debug|iPhoneSimulator = Debug|iPhoneSimulator
		Release|Any CPU = Release|Any CPU
		Release|iPhone = Release|iPhone
		Release|iPhoneSimulator = Release|iPhoneSimulator
	EndGlobalSection
	GlobalSection(ProjectConfigurationPlatforms) = postSolution
		{67F9D3A8-F71E-4428-913F-C37AE82CDB24}.Ad-Hoc|Any CPU.ActiveCfg = Release|Any CPU
		{67F9D3A8-F71E-4428-913F-C37AE82CDB24}.Ad-Hoc|Any CPU.Build.0 = Release|Any CPU
		{67F9D3A8-F71E-4428-913F-C37AE82CDB24}.Ad-Hoc|iPhone.ActiveCfg = Release|Any CPU
		{67F9D3A8-F71E-4428-913F-C37AE82CDB24}.Ad-Hoc|iPhone.Build.0 = Release|Any CPU
		{67F9D3A8-F71E-4428-913F-C37AE82CDB24}.Ad-Hoc|iPhoneSimulator.ActiveCfg = Release|Any CPU
		{67F9D3A8-F71E-4428-913F-C37AE82CDB24}.Ad-Hoc|iPhoneSimulator.Build.0 = Release|Any CPU
		{67F9D3A8-F71E-4428-913F-C37AE82CDB24}.AppStore|Any CPU.ActiveCfg = Release|Any CPU
		{67F9D3A8-F71E-4428-913F-C37AE82CDB24}.AppStore|Any CPU.Build.0 = Release|Any CPU
		{67F9D3A8-F71E-4428-913F-C37AE82CDB24}.AppStore|iPhone.ActiveCfg = Release|Any CPU
		{67F9D3A8-F71E-4428-913F-C37AE82CDB24}.AppStore|iPhone.Build.0 = Release|Any CPU
		{67F9D3A8-F71E-4428-913F-C37AE82CDB24}.AppStore|iPhoneSimulator.ActiveCfg = Release|Any CPU
		{67F9D3A8-F71E-4428-913F-C37AE82CDB24}.AppStore|iPhoneSimulator.Build.0 = Release|Any CPU
		{67F9D3A8-F71E-4428-913F-C37AE82CDB24}.Debug|Any CPU.ActiveCfg = Debug|Any CPU
		{67F9D3A8-F71E-4428-913F-C37AE82CDB24}.Debug|Any CPU.Build.0 = Debug|Any CPU
		{67F9D3A8-F71E-4428-913F-C37AE82CDB24}.Debug|iPhone.ActiveCfg = Debug|Any CPU
		{67F9D3A8-F71E-4428-913F-C37AE82CDB24}.Debug|iPhone.Build.0 = Debug|Any CPU
		{67F9D3A8-F71E-4428-913F-C37AE82CDB24}.Debug|iPhoneSimulator.ActiveCfg = Debug|Any CPU
		{67F9D3A8-F71E-4428-913F-C37AE82CDB24}.Debug|iPhoneSimulator.Build.0 = Debug|Any CPU
		{67F9D3A8-F71E-4428-913F-C37AE82CDB24}.Release|Any CPU.ActiveCfg = Release|Any CPU
		{67F9D3A8-F71E-4428-913F-C37AE82CDB24}.Release|Any CPU.Build.0 = Release|Any CPU
		{67F9D3A8-F71E-4428-913F-C37AE82CDB24}.Release|iPhone.ActiveCfg = Release|Any CPU
		{67F9D3A8-F71E-4428-913F-C37AE82CDB24}.Release|iPhone.Build.0 = Release|Any CPU
		{67F9D3A8-F71E-4428-913F-C37AE82CDB24}.Release|iPhoneSimulator.ActiveCfg = Release|Any CPU
		{67F9D3A8-F71E-4428-913F-C37AE82CDB24}.Release|iPhoneSimulator.Build.0 = Release|Any CPU
		{B59A0EE6-886C-47F0-BC30-3AD39BB54DB3}.Ad-Hoc|Any CPU.ActiveCfg = Release|Any CPU
		{B59A0EE6-886C-47F0-BC30-3AD39BB54DB3}.Ad-Hoc|Any CPU.Build.0 = Release|Any CPU
		{B59A0EE6-886C-47F0-BC30-3AD39BB54DB3}.Ad-Hoc|iPhone.ActiveCfg = Release|Any CPU
		{B59A0EE6-886C-47F0-BC30-3AD39BB54DB3}.Ad-Hoc|iPhone.Build.0 = Release|Any CPU
		{B59A0EE6-886C-47F0-BC30-3AD39BB54DB3}.Ad-Hoc|iPhoneSimulator.ActiveCfg = Release|Any CPU
		{B59A0EE6-886C-47F0-BC30-3AD39BB54DB3}.Ad-Hoc|iPhoneSimulator.Build.0 = Release|Any CPU
		{B59A0EE6-886C-47F0-BC30-3AD39BB54DB3}.AppStore|Any CPU.ActiveCfg = Release|Any CPU
		{B59A0EE6-886C-47F0-BC30-3AD39BB54DB3}.AppStore|Any CPU.Build.0 = Release|Any CPU
		{B59A0EE6-886C-47F0-BC30-3AD39BB54DB3}.AppStore|iPhone.ActiveCfg = Release|Any CPU
		{B59A0EE6-886C-47F0-BC30-3AD39BB54DB3}.AppStore|iPhone.Build.0 = Release|Any CPU
		{B59A0EE6-886C-47F0-BC30-3AD39BB54DB3}.AppStore|iPhoneSimulator.ActiveCfg = Release|Any CPU
		{B59A0EE6-886C-47F0-BC30-3AD39BB54DB3}.AppStore|iPhoneSimulator.Build.0 = Release|Any CPU
		{B59A0EE6-886C-47F0-BC30-3AD39BB54DB3}.Debug|Any CPU.ActiveCfg = Debug|Any CPU
		{B59A0EE6-886C-47F0-BC30-3AD39BB54DB3}.Debug|Any CPU.Build.0 = Debug|Any CPU
		{B59A0EE6-886C-47F0-BC30-3AD39BB54DB3}.Debug|iPhone.ActiveCfg = Debug|Any CPU
		{B59A0EE6-886C-47F0-BC30-3AD39BB54DB3}.Debug|iPhone.Build.0 = Debug|Any CPU
		{B59A0EE6-886C-47F0-BC30-3AD39BB54DB3}.Debug|iPhoneSimulator.ActiveCfg = Debug|Any CPU
		{B59A0EE6-886C-47F0-BC30-3AD39BB54DB3}.Debug|iPhoneSimulator.Build.0 = Debug|Any CPU
		{B59A0EE6-886C-47F0-BC30-3AD39BB54DB3}.Release|Any CPU.ActiveCfg = Release|Any CPU
		{B59A0EE6-886C-47F0-BC30-3AD39BB54DB3}.Release|Any CPU.Build.0 = Release|Any CPU
		{B59A0EE6-886C-47F0-BC30-3AD39BB54DB3}.Release|iPhone.ActiveCfg = Release|Any CPU
		{B59A0EE6-886C-47F0-BC30-3AD39BB54DB3}.Release|iPhone.Build.0 = Release|Any CPU
		{B59A0EE6-886C-47F0-BC30-3AD39BB54DB3}.Release|iPhoneSimulator.ActiveCfg = Release|Any CPU
		{B59A0EE6-886C-47F0-BC30-3AD39BB54DB3}.Release|iPhoneSimulator.Build.0 = Release|Any CPU
		{FDAEBD07-5DD5-4315-8C2D-E9F1D8B62C30}.Ad-Hoc|Any CPU.ActiveCfg = Release|Any CPU
		{FDAEBD07-5DD5-4315-8C2D-E9F1D8B62C30}.Ad-Hoc|Any CPU.Build.0 = Release|Any CPU
		{FDAEBD07-5DD5-4315-8C2D-E9F1D8B62C30}.Ad-Hoc|Any CPU.Deploy.0 = Release|Any CPU
		{FDAEBD07-5DD5-4315-8C2D-E9F1D8B62C30}.Ad-Hoc|iPhone.ActiveCfg = Release|Any CPU
		{FDAEBD07-5DD5-4315-8C2D-E9F1D8B62C30}.Ad-Hoc|iPhone.Build.0 = Release|Any CPU
		{FDAEBD07-5DD5-4315-8C2D-E9F1D8B62C30}.Ad-Hoc|iPhone.Deploy.0 = Release|Any CPU
		{FDAEBD07-5DD5-4315-8C2D-E9F1D8B62C30}.Ad-Hoc|iPhoneSimulator.ActiveCfg = Release|Any CPU
		{FDAEBD07-5DD5-4315-8C2D-E9F1D8B62C30}.Ad-Hoc|iPhoneSimulator.Build.0 = Release|Any CPU
		{FDAEBD07-5DD5-4315-8C2D-E9F1D8B62C30}.Ad-Hoc|iPhoneSimulator.Deploy.0 = Release|Any CPU
		{FDAEBD07-5DD5-4315-8C2D-E9F1D8B62C30}.AppStore|Any CPU.ActiveCfg = Release|Any CPU
		{FDAEBD07-5DD5-4315-8C2D-E9F1D8B62C30}.AppStore|Any CPU.Build.0 = Release|Any CPU
		{FDAEBD07-5DD5-4315-8C2D-E9F1D8B62C30}.AppStore|Any CPU.Deploy.0 = Release|Any CPU
		{FDAEBD07-5DD5-4315-8C2D-E9F1D8B62C30}.AppStore|iPhone.ActiveCfg = Release|Any CPU
		{FDAEBD07-5DD5-4315-8C2D-E9F1D8B62C30}.AppStore|iPhone.Build.0 = Release|Any CPU
		{FDAEBD07-5DD5-4315-8C2D-E9F1D8B62C30}.AppStore|iPhone.Deploy.0 = Release|Any CPU
		{FDAEBD07-5DD5-4315-8C2D-E9F1D8B62C30}.AppStore|iPhoneSimulator.ActiveCfg = Release|Any CPU
		{FDAEBD07-5DD5-4315-8C2D-E9F1D8B62C30}.AppStore|iPhoneSimulator.Build.0 = Release|Any CPU
		{FDAEBD07-5DD5-4315-8C2D-E9F1D8B62C30}.AppStore|iPhoneSimulator.Deploy.0 = Release|Any CPU
		{FDAEBD07-5DD5-4315-8C2D-E9F1D8B62C30}.Debug|Any CPU.ActiveCfg = Debug|Any CPU
		{FDAEBD07-5DD5-4315-8C2D-E9F1D8B62C30}.Debug|Any CPU.Build.0 = Debug|Any CPU
		{FDAEBD07-5DD5-4315-8C2D-E9F1D8B62C30}.Debug|Any CPU.Deploy.0 = Debug|Any CPU
		{FDAEBD07-5DD5-4315-8C2D-E9F1D8B62C30}.Debug|iPhone.ActiveCfg = Debug|Any CPU
		{FDAEBD07-5DD5-4315-8C2D-E9F1D8B62C30}.Debug|iPhone.Build.0 = Debug|Any CPU
		{FDAEBD07-5DD5-4315-8C2D-E9F1D8B62C30}.Debug|iPhone.Deploy.0 = Debug|Any CPU
		{FDAEBD07-5DD5-4315-8C2D-E9F1D8B62C30}.Debug|iPhoneSimulator.ActiveCfg = Debug|Any CPU
		{FDAEBD07-5DD5-4315-8C2D-E9F1D8B62C30}.Debug|iPhoneSimulator.Build.0 = Debug|Any CPU
		{FDAEBD07-5DD5-4315-8C2D-E9F1D8B62C30}.Debug|iPhoneSimulator.Deploy.0 = Debug|Any CPU
		{FDAEBD07-5DD5-4315-8C2D-E9F1D8B62C30}.Release|Any CPU.ActiveCfg = Release|Any CPU
		{FDAEBD07-5DD5-4315-8C2D-E9F1D8B62C30}.Release|Any CPU.Build.0 = Release|Any CPU
		{FDAEBD07-5DD5-4315-8C2D-E9F1D8B62C30}.Release|Any CPU.Deploy.0 = Release|Any CPU
		{FDAEBD07-5DD5-4315-8C2D-E9F1D8B62C30}.Release|iPhone.ActiveCfg = Release|Any CPU
		{FDAEBD07-5DD5-4315-8C2D-E9F1D8B62C30}.Release|iPhone.Build.0 = Release|Any CPU
		{FDAEBD07-5DD5-4315-8C2D-E9F1D8B62C30}.Release|iPhone.Deploy.0 = Release|Any CPU
		{FDAEBD07-5DD5-4315-8C2D-E9F1D8B62C30}.Release|iPhoneSimulator.ActiveCfg = Release|Any CPU
		{FDAEBD07-5DD5-4315-8C2D-E9F1D8B62C30}.Release|iPhoneSimulator.Build.0 = Release|Any CPU
		{FDAEBD07-5DD5-4315-8C2D-E9F1D8B62C30}.Release|iPhoneSimulator.Deploy.0 = Release|Any CPU
		{406CE038-07F6-43C6-AB0E-901CEB60F37C}.Ad-Hoc|Any CPU.ActiveCfg = Release|Any CPU
		{406CE038-07F6-43C6-AB0E-901CEB60F37C}.Ad-Hoc|Any CPU.Build.0 = Release|Any CPU
		{406CE038-07F6-43C6-AB0E-901CEB60F37C}.Ad-Hoc|iPhone.ActiveCfg = Release|Any CPU
		{406CE038-07F6-43C6-AB0E-901CEB60F37C}.Ad-Hoc|iPhone.Build.0 = Release|Any CPU
		{406CE038-07F6-43C6-AB0E-901CEB60F37C}.Ad-Hoc|iPhoneSimulator.ActiveCfg = Release|Any CPU
		{406CE038-07F6-43C6-AB0E-901CEB60F37C}.Ad-Hoc|iPhoneSimulator.Build.0 = Release|Any CPU
		{406CE038-07F6-43C6-AB0E-901CEB60F37C}.AppStore|Any CPU.ActiveCfg = Release|Any CPU
		{406CE038-07F6-43C6-AB0E-901CEB60F37C}.AppStore|Any CPU.Build.0 = Release|Any CPU
		{406CE038-07F6-43C6-AB0E-901CEB60F37C}.AppStore|iPhone.ActiveCfg = Release|Any CPU
		{406CE038-07F6-43C6-AB0E-901CEB60F37C}.AppStore|iPhone.Build.0 = Release|Any CPU
		{406CE038-07F6-43C6-AB0E-901CEB60F37C}.AppStore|iPhoneSimulator.ActiveCfg = Release|Any CPU
		{406CE038-07F6-43C6-AB0E-901CEB60F37C}.AppStore|iPhoneSimulator.Build.0 = Release|Any CPU
		{406CE038-07F6-43C6-AB0E-901CEB60F37C}.Debug|Any CPU.ActiveCfg = Debug|Any CPU
		{406CE038-07F6-43C6-AB0E-901CEB60F37C}.Debug|Any CPU.Build.0 = Debug|Any CPU
		{406CE038-07F6-43C6-AB0E-901CEB60F37C}.Debug|iPhone.ActiveCfg = Debug|Any CPU
		{406CE038-07F6-43C6-AB0E-901CEB60F37C}.Debug|iPhone.Build.0 = Debug|Any CPU
		{406CE038-07F6-43C6-AB0E-901CEB60F37C}.Debug|iPhoneSimulator.ActiveCfg = Debug|Any CPU
		{406CE038-07F6-43C6-AB0E-901CEB60F37C}.Debug|iPhoneSimulator.Build.0 = Debug|Any CPU
		{406CE038-07F6-43C6-AB0E-901CEB60F37C}.Release|Any CPU.ActiveCfg = Release|Any CPU
		{406CE038-07F6-43C6-AB0E-901CEB60F37C}.Release|Any CPU.Build.0 = Release|Any CPU
		{406CE038-07F6-43C6-AB0E-901CEB60F37C}.Release|iPhone.ActiveCfg = Release|Any CPU
		{406CE038-07F6-43C6-AB0E-901CEB60F37C}.Release|iPhone.Build.0 = Release|Any CPU
		{406CE038-07F6-43C6-AB0E-901CEB60F37C}.Release|iPhoneSimulator.ActiveCfg = Release|Any CPU
		{406CE038-07F6-43C6-AB0E-901CEB60F37C}.Release|iPhoneSimulator.Build.0 = Release|Any CPU
		{528EBF01-D6C7-4BAD-9A3F-6B3FBABB54B0}.Ad-Hoc|Any CPU.ActiveCfg = Ad-Hoc|iPhone
		{528EBF01-D6C7-4BAD-9A3F-6B3FBABB54B0}.Ad-Hoc|iPhone.ActiveCfg = Ad-Hoc|iPhone
		{528EBF01-D6C7-4BAD-9A3F-6B3FBABB54B0}.Ad-Hoc|iPhone.Build.0 = Ad-Hoc|iPhone
		{528EBF01-D6C7-4BAD-9A3F-6B3FBABB54B0}.Ad-Hoc|iPhoneSimulator.ActiveCfg = Ad-Hoc|iPhoneSimulator
		{528EBF01-D6C7-4BAD-9A3F-6B3FBABB54B0}.Ad-Hoc|iPhoneSimulator.Build.0 = Ad-Hoc|iPhoneSimulator
		{528EBF01-D6C7-4BAD-9A3F-6B3FBABB54B0}.AppStore|Any CPU.ActiveCfg = AppStore|iPhone
		{528EBF01-D6C7-4BAD-9A3F-6B3FBABB54B0}.AppStore|iPhone.ActiveCfg = AppStore|iPhone
		{528EBF01-D6C7-4BAD-9A3F-6B3FBABB54B0}.AppStore|iPhone.Build.0 = AppStore|iPhone
		{528EBF01-D6C7-4BAD-9A3F-6B3FBABB54B0}.AppStore|iPhoneSimulator.ActiveCfg = AppStore|iPhoneSimulator
		{528EBF01-D6C7-4BAD-9A3F-6B3FBABB54B0}.AppStore|iPhoneSimulator.Build.0 = AppStore|iPhoneSimulator
		{528EBF01-D6C7-4BAD-9A3F-6B3FBABB54B0}.Debug|Any CPU.ActiveCfg = Debug|iPhone
		{528EBF01-D6C7-4BAD-9A3F-6B3FBABB54B0}.Debug|iPhone.ActiveCfg = Debug|iPhone
		{528EBF01-D6C7-4BAD-9A3F-6B3FBABB54B0}.Debug|iPhone.Build.0 = Debug|iPhone
		{528EBF01-D6C7-4BAD-9A3F-6B3FBABB54B0}.Debug|iPhoneSimulator.ActiveCfg = Debug|iPhoneSimulator
		{528EBF01-D6C7-4BAD-9A3F-6B3FBABB54B0}.Debug|iPhoneSimulator.Build.0 = Debug|iPhoneSimulator
		{528EBF01-D6C7-4BAD-9A3F-6B3FBABB54B0}.Release|Any CPU.ActiveCfg = Release|iPhone
		{528EBF01-D6C7-4BAD-9A3F-6B3FBABB54B0}.Release|iPhone.ActiveCfg = Release|iPhone
		{528EBF01-D6C7-4BAD-9A3F-6B3FBABB54B0}.Release|iPhone.Build.0 = Release|iPhone
		{528EBF01-D6C7-4BAD-9A3F-6B3FBABB54B0}.Release|iPhoneSimulator.ActiveCfg = Release|iPhoneSimulator
		{528EBF01-D6C7-4BAD-9A3F-6B3FBABB54B0}.Release|iPhoneSimulator.Build.0 = Release|iPhoneSimulator
		{141151F6-9D02-4471-B02F-7D217C0343F5}.Ad-Hoc|Any CPU.ActiveCfg = Release|Any CPU
		{141151F6-9D02-4471-B02F-7D217C0343F5}.Ad-Hoc|Any CPU.Build.0 = Release|Any CPU
		{141151F6-9D02-4471-B02F-7D217C0343F5}.Ad-Hoc|iPhone.ActiveCfg = Release|Any CPU
		{141151F6-9D02-4471-B02F-7D217C0343F5}.Ad-Hoc|iPhone.Build.0 = Release|Any CPU
		{141151F6-9D02-4471-B02F-7D217C0343F5}.Ad-Hoc|iPhoneSimulator.ActiveCfg = Release|Any CPU
		{141151F6-9D02-4471-B02F-7D217C0343F5}.Ad-Hoc|iPhoneSimulator.Build.0 = Release|Any CPU
		{141151F6-9D02-4471-B02F-7D217C0343F5}.AppStore|Any CPU.ActiveCfg = Release|Any CPU
		{141151F6-9D02-4471-B02F-7D217C0343F5}.AppStore|Any CPU.Build.0 = Release|Any CPU
		{141151F6-9D02-4471-B02F-7D217C0343F5}.AppStore|iPhone.ActiveCfg = Release|Any CPU
		{141151F6-9D02-4471-B02F-7D217C0343F5}.AppStore|iPhone.Build.0 = Release|Any CPU
		{141151F6-9D02-4471-B02F-7D217C0343F5}.AppStore|iPhoneSimulator.ActiveCfg = Release|Any CPU
		{141151F6-9D02-4471-B02F-7D217C0343F5}.AppStore|iPhoneSimulator.Build.0 = Release|Any CPU
		{141151F6-9D02-4471-B02F-7D217C0343F5}.Debug|Any CPU.ActiveCfg = Debug|Any CPU
		{141151F6-9D02-4471-B02F-7D217C0343F5}.Debug|Any CPU.Build.0 = Debug|Any CPU
		{141151F6-9D02-4471-B02F-7D217C0343F5}.Debug|iPhone.ActiveCfg = Debug|Any CPU
		{141151F6-9D02-4471-B02F-7D217C0343F5}.Debug|iPhone.Build.0 = Debug|Any CPU
		{141151F6-9D02-4471-B02F-7D217C0343F5}.Debug|iPhoneSimulator.ActiveCfg = Debug|Any CPU
		{141151F6-9D02-4471-B02F-7D217C0343F5}.Debug|iPhoneSimulator.Build.0 = Debug|Any CPU
		{141151F6-9D02-4471-B02F-7D217C0343F5}.Release|Any CPU.ActiveCfg = Release|Any CPU
		{141151F6-9D02-4471-B02F-7D217C0343F5}.Release|Any CPU.Build.0 = Release|Any CPU
		{141151F6-9D02-4471-B02F-7D217C0343F5}.Release|iPhone.ActiveCfg = Release|Any CPU
		{141151F6-9D02-4471-B02F-7D217C0343F5}.Release|iPhone.Build.0 = Release|Any CPU
		{141151F6-9D02-4471-B02F-7D217C0343F5}.Release|iPhoneSimulator.ActiveCfg = Release|Any CPU
		{141151F6-9D02-4471-B02F-7D217C0343F5}.Release|iPhoneSimulator.Build.0 = Release|Any CPU
	EndGlobalSection
	GlobalSection(SolutionProperties) = preSolution
		HideSolutionNode = FALSE
	EndGlobalSection
	GlobalSection(NestedProjects) = preSolution
		{FDAEBD07-5DD5-4315-8C2D-E9F1D8B62C30} = {36B25D54-19CE-46E5-9042-71417BA419FF}
		{406CE038-07F6-43C6-AB0E-901CEB60F37C} = {36B25D54-19CE-46E5-9042-71417BA419FF}
		{528EBF01-D6C7-4BAD-9A3F-6B3FBABB54B0} = {36B25D54-19CE-46E5-9042-71417BA419FF}
	EndGlobalSection
EndGlobal
